
Microsoft Visual Studio Solution File, Format Version 12.00
# Visual Studio Version 16
VisualStudioVersion = 16.0.31321.278
MinimumVisualStudioVersion = 10.0.40219.1
Project("{FAE04EC0-301F-11D3-BF4B-00C04F79EFBC}") = "2B", "2B\2B.csproj", "{3926E52A-5162-40F3-9E79-8D22365ED74C}"
EndProject
Global
	GlobalSection(SolutionConfigurationPlatforms) = preSolution
		Debug|Any CPU = Debug|Any CPU
		Release|Any CPU = Release|Any CPU
	EndGlobalSection
	GlobalSection(ProjectConfigurationPlatforms) = postSolution
		{3926E52A-5162-40F3-9E79-8D22365ED74C}.Debug|Any CPU.ActiveCfg = Debug|Any CPU
		{3926E52A-5162-40F3-9E79-8D22365ED74C}.Debug|Any CPU.Build.0 = Debug|Any CPU
		{3926E52A-5162-40F3-9E79-8D22365ED74C}.Release|Any CPU.ActiveCfg = Release|Any CPU
		{3926E52A-5162-40F3-9E79-8D22365ED74C}.Release|Any CPU.Build.0 = Release|Any CPU
	EndGlobalSection
	GlobalSection(SolutionProperties) = preSolution
		HideSolutionNode = FALSE
	EndGlobalSection
	GlobalSection(ExtensibilityGlobals) = postSolution
		SolutionGuid = {C4A2135C-D62B-480C-856A-3E5672C1006C}
	EndGlobalSection
EndGlobal
